
Microsoft Visual Studio Solution File, Format Version 12.00
# Visual Studio Version 17
VisualStudioVersion = 17.2.32427.441
MinimumVisualStudioVersion = 10.0.40219.1
Project("{9A19103F-16F7-4668-BE54-9A1E7A4F7556}") = "Avarice", "Avarice\Avarice.csproj", "{A583BFE2-4E91-4BAA-9803-1CF012D7BF24}"
EndProject
Project("{9A19103F-16F7-4668-BE54-9A1E7A4F7556}") = "ECommons", "..\ECommons\ECommons\ECommons.csproj", "{79DA77F6-145B-4516-8A8A-B67267078C03}"
EndProject
Project("{9A19103F-16F7-4668-BE54-9A1E7A4F7556}") = "PunishLib", "..\PunishLib\PunishLib\PunishLib.csproj", "{50C98D7D-C42C-413B-A54C-9124F963E172}"
EndProject
Global
	GlobalSection(SolutionConfigurationPlatforms) = preSolution
		Debug|Any CPU = Debug|Any CPU
		Debug|x64 = Debug|x64
		Release|Any CPU = Release|Any CPU
		Release|x64 = Release|x64
	EndGlobalSection
	GlobalSection(ProjectConfigurationPlatforms) = postSolution
		{A583BFE2-4E91-4BAA-9803-1CF012D7BF24}.Debug|Any CPU.ActiveCfg = Debug|x64
		{A583BFE2-4E91-4BAA-9803-1CF012D7BF24}.Debug|Any CPU.Build.0 = Debug|x64
		{A583BFE2-4E91-4BAA-9803-1CF012D7BF24}.Debug|x64.ActiveCfg = Debug|Any CPU
		{A583BFE2-4E91-4BAA-9803-1CF012D7BF24}.Debug|x64.Build.0 = Debug|Any CPU
		{A583BFE2-4E91-4BAA-9803-1CF012D7BF24}.Release|Any CPU.ActiveCfg = Release|x64
		{A583BFE2-4E91-4BAA-9803-1CF012D7BF24}.Release|Any CPU.Build.0 = Release|x64
		{A583BFE2-4E91-4BAA-9803-1CF012D7BF24}.Release|x64.ActiveCfg = Release|Any CPU
		{A583BFE2-4E91-4BAA-9803-1CF012D7BF24}.Release|x64.Build.0 = Release|Any CPU
		{79DA77F6-145B-4516-8A8A-B67267078C03}.Debug|Any CPU.ActiveCfg = Debug|x64
		{79DA77F6-145B-4516-8A8A-B67267078C03}.Debug|Any CPU.Build.0 = Debug|x64
		{79DA77F6-145B-4516-8A8A-B67267078C03}.Debug|x64.ActiveCfg = Debug|x64
		{79DA77F6-145B-4516-8A8A-B67267078C03}.Debug|x64.Build.0 = Debug|x64
		{79DA77F6-145B-4516-8A8A-B67267078C03}.Release|Any CPU.ActiveCfg = Release|x64
		{79DA77F6-145B-4516-8A8A-B67267078C03}.Release|Any CPU.Build.0 = Release|x64
		{79DA77F6-145B-4516-8A8A-B67267078C03}.Release|x64.ActiveCfg = Release|x64
		{79DA77F6-145B-4516-8A8A-B67267078C03}.Release|x64.Build.0 = Release|x64
		{50C98D7D-C42C-413B-A54C-9124F963E172}.Debug|Any CPU.ActiveCfg = Debug|x64
		{50C98D7D-C42C-413B-A54C-9124F963E172}.Debug|Any CPU.Build.0 = Debug|x64
		{50C98D7D-C42C-413B-A54C-9124F963E172}.Debug|x64.ActiveCfg = Debug|x64
		{50C98D7D-C42C-413B-A54C-9124F963E172}.Debug|x64.Build.0 = Debug|x64
		{50C98D7D-C42C-413B-A54C-9124F963E172}.Release|Any CPU.ActiveCfg = Release|x64
		{50C98D7D-C42C-413B-A54C-9124F963E172}.Release|Any CPU.Build.0 = Release|x64
		{50C98D7D-C42C-413B-A54C-9124F963E172}.Release|x64.ActiveCfg = Release|x64
		{50C98D7D-C42C-413B-A54C-9124F963E172}.Release|x64.Build.0 = Release|x64
	EndGlobalSection
	GlobalSection(SolutionProperties) = preSolution
		HideSolutionNode = FALSE
	EndGlobalSection
	GlobalSection(ExtensibilityGlobals) = postSolution
		SolutionGuid = {D3214138-DEAB-424B-B204-018DA8FE9D33}
	EndGlobalSection
EndGlobal
